
Microsoft Visual Studio Solution File, Format Version 12.00
# Visual Studio Version 17
VisualStudioVersion = 17.8.34330.188
MinimumVisualStudioVersion = 10.0.40219.1
Project("{8BC9CEB8-8B4A-11D0-8D11-00A0C91BC942}") = "pg2_13-1", "pg2_13-1.vcxproj", "{14B36016-B28F-465C-A8AE-8B4F4BB867A8}"
EndProject
Project("{2150E333-8FDC-42A3-9474-1A3956D46DE8}") = "ソリューション項目", "ソリューション項目", "{CC9DFEC4-BAA5-40AE-BD64-37F61F0D43B2}"
EndProject
Global
	GlobalSection(SolutionConfigurationPlatforms) = preSolution
		Debug|x64 = Debug|x64
		Release|x64 = Release|x64
	EndGlobalSection
	GlobalSection(ProjectConfigurationPlatforms) = postSolution
		{14B36016-B28F-465C-A8AE-8B4F4BB867A8}.Debug|x64.ActiveCfg = Debug|x64
		{14B36016-B28F-465C-A8AE-8B4F4BB867A8}.Debug|x64.Build.0 = Debug|x64
		{14B36016-B28F-465C-A8AE-8B4F4BB867A8}.Release|x64.ActiveCfg = Release|x64
		{14B36016-B28F-465C-A8AE-8B4F4BB867A8}.Release|x64.Build.0 = Release|x64
	EndGlobalSection
	GlobalSection(SolutionProperties) = preSolution
		HideSolutionNode = FALSE
	EndGlobalSection
	GlobalSection(ExtensibilityGlobals) = postSolution
		SolutionGuid = {381C4691-2E80-423D-8DBF-4694B701343B}
	EndGlobalSection
EndGlobal
